{
    "name": "node-red-contrib-phb-rotary-encoder",
    "version": "0.0.1",
    "lockfileVersion": 1,
    "requires": true,
    "dependencies": {
        "raspberrypi-rotary-encoder": {
            "version": "1.6.0",
            "resolved": "https://registry.npmjs.org/raspberrypi-rotary-encoder/-/raspberrypi-rotary-encoder-1.6.0.tgz",
            "integrity": "sha512-634tycveSCPJnWmwL1GPyGIGKASn4tMRMlWNy52NsVaTDXw9OyqlL394yB6ZSLqKrQycXQs6QAku3kMv/6qGLA=="
        }
    }
}
